// !$*UTF8*$!
{
	archiveVersion = 1;
	classes = {
	};
	objectVersion = 46;
	objects = {

/* Begin PBXBuildFile section */
		122783CC1E80D72C0083D1EA /* TableViewController.swift in Sources */ = {isa = PBXBuildFile; fileRef = 122783CB1E80D72C0083D1EA /* TableViewController.swift */; };
		122783CE1E80D74A0083D1EA /* MapViewController.swift in Sources */ = {isa = PBXBuildFile; fileRef = 122783CD1E80D74A0083D1EA /* MapViewController.swift */; };
		122783D01E8109F20083D1EA /* PinViewController.swift in Sources */ = {isa = PBXBuildFile; fileRef = 122783CF1E8109F20083D1EA /* PinViewController.swift */; };
		122783D21E8114560083D1EA /* GCDBlackBox.swift in Sources */ = {isa = PBXBuildFile; fileRef = 122783D11E8114560083D1EA /* GCDBlackBox.swift */; };
		122783D41E81164E0083D1EA /* Constants.swift in Sources */ = {isa = PBXBuildFile; fileRef = 122783D31E81164E0083D1EA /* Constants.swift */; };
		12356EA11E7FD277007E4C95 /* AppDelegate.swift in Sources */ = {isa = PBXBuildFile; fileRef = 12356EA01E7FD277007E4C95 /* AppDelegate.swift */; };
		12356EA31E7FD277007E4C95 /* LoginViewController.swift in Sources */ = {isa = PBXBuildFile; fileRef = 12356EA21E7FD277007E4C95 /* LoginViewController.swift */; };
		12356EA61E7FD277007E4C95 /* Main.storyboard in Resources */ = {isa = PBXBuildFile; fileRef = 12356EA41E7FD277007E4C95 /* Main.storyboard */; };
		12356EA81E7FD277007E4C95 /* Assets.xcassets in Resources */ = {isa = PBXBuildFile; fileRef = 12356EA71E7FD277007E4C95 /* Assets.xcassets */; };
		12356EAB1E7FD277007E4C95 /* LaunchScreen.storyboard in Resources */ = {isa = PBXBuildFile; fileRef = 12356EA91E7FD277007E4C95 /* LaunchScreen.storyboard */; };
		128FFF2B1E83E854000732EB /* LinkViewController.swift in Sources */ = {isa = PBXBuildFile; fileRef = 128FFF2A1E83E854000732EB /* LinkViewController.swift */; };
		12EE032F1E87FC6E005E2540 /* StudentLocation.swift in Sources */ = {isa = PBXBuildFile; fileRef = 12EE032E1E87FC6D005E2540 /* StudentLocation.swift */; };
/* End PBXBuildFile section */

/* Begin PBXFileReference section */
		122783CB1E80D72C0083D1EA /* TableViewController.swift */ = {isa = PBXFileReference; fileEncoding = 4; lastKnownFileType = sourcecode.swift; path = TableViewController.swift; sourceTree = "<group>"; };
		122783CD1E80D74A0083D1EA /* MapViewController.swift */ = {isa = PBXFileReference; fileEncoding = 4; lastKnownFileType = sourcecode.swift; path = MapViewController.swift; sourceTree = "<group>"; };
		122783CF1E8109F20083D1EA /* PinViewController.swift */ = {isa = PBXFileReference; fileEncoding = 4; lastKnownFileType = sourcecode.swift; path = PinViewController.swift; sourceTree = "<group>"; };
		122783D11E8114560083D1EA /* GCDBlackBox.swift */ = {isa = PBXFileReference; fileEncoding = 4; lastKnownFileType = sourcecode.swift; path = GCDBlackBox.swift; sourceTree = "<group>"; };
		122783D31E81164E0083D1EA /* Constants.swift */ = {isa = PBXFileReference; fileEncoding = 4; lastKnownFileType = sourcecode.swift; path = Constants.swift; sourceTree = "<group>"; };
		12356E9D1E7FD277007E4C95 /* On the Map.app */ = {isa = PBXFileReference; explicitFileType = wrapper.application; includeInIndex = 0; path = "On the Map.app"; sourceTree = BUILT_PRODUCTS_DIR; };
		12356EA01E7FD277007E4C95 /* AppDelegate.swift */ = {isa = PBXFileReference; lastKnownFileType = sourcecode.swift; path = AppDelegate.swift; sourceTree = "<group>"; };
		12356EA21E7FD277007E4C95 /* LoginViewController.swift */ = {isa = PBXFileReference; lastKnownFileType = sourcecode.swift; path = LoginViewController.swift; sourceTree = "<group>"; };
		12356EA51E7FD277007E4C95 /* Base */ = {isa = PBXFileReference; lastKnownFileType = file.storyboard; name = Base; path = Base.lproj/Main.storyboard; sourceTree = "<group>"; };
		12356EA71E7FD277007E4C95 /* Assets.xcassets */ = {isa = PBXFileReference; lastKnownFileType = folder.assetcatalog; path = Assets.xcassets; sourceTree = "<group>"; };
		12356EAA1E7FD277007E4C95 /* Base */ = {isa = PBXFileReference; lastKnownFileType = file.storyboard; name = Base; path = Base.lproj/LaunchScreen.storyboard; sourceTree = "<group>"; };
		12356EAC1E7FD277007E4C95 /* Info.plist */ = {isa = PBXFileReference; lastKnownFileType = text.plist.xml; path = Info.plist; sourceTree = "<group>"; };
		128FFF2A1E83E854000732EB /* LinkViewController.swift */ = {isa = PBXFileReference; fileEncoding = 4; lastKnownFileType = sourcecode.swift; path = LinkViewController.swift; sourceTree = "<group>"; };
		12EE032E1E87FC6D005E2540 /* StudentLocation.swift */ = {isa = PBXFileReference; fileEncoding = 4; lastKnownFileType = sourcecode.swift; path = StudentLocation.swift; sourceTree = "<group>"; };
/* End PBXFileReference section */

/* Begin PBXFrameworksBuildPhase section */
		12356E9A1E7FD277007E4C95 /* Frameworks */ = {
			isa = PBXFrameworksBuildPhase;
			buildActionMask = 2147483647;
			files = (
			);
			runOnlyForDeploymentPostprocessing = 0;
		};
/* End PBXFrameworksBuildPhase section */

/* Begin PBXGroup section */
		122783D51E8117E50083D1EA /* View Controlloers */ = {
			isa = PBXGroup;
			children = (
				12356EA21E7FD277007E4C95 /* LoginViewController.swift */,
				122783CF1E8109F20083D1EA /* PinViewController.swift */,
				122783CD1E80D74A0083D1EA /* MapViewController.swift */,
				122783CB1E80D72C0083D1EA /* TableViewController.swift */,
				128FFF2A1E83E854000732EB /* LinkViewController.swift */,
			);
			name = "View Controlloers";
			sourceTree = "<group>";
		};
		12356E941E7FD277007E4C95 = {
			isa = PBXGroup;
			children = (
				12356E9F1E7FD277007E4C95 /* On the Map */,
				12356E9E1E7FD277007E4C95 /* Products */,
			);
			sourceTree = "<group>";
		};
		12356E9E1E7FD277007E4C95 /* Products */ = {
			isa = PBXGroup;
			children = (
				12356E9D1E7FD277007E4C95 /* On the Map.app */,
			);
			name = Products;
			sourceTree = "<group>";
		};
		12356E9F1E7FD277007E4C95 /* On the Map */ = {
			isa = PBXGroup;
			children = (
				12356EA01E7FD277007E4C95 /* AppDelegate.swift */,
				122783D31E81164E0083D1EA /* Constants.swift */,
				12EE032E1E87FC6D005E2540 /* StudentLocation.swift */,
				122783D11E8114560083D1EA /* GCDBlackBox.swift */,
				122783D51E8117E50083D1EA /* View Controlloers */,
				12356EA41E7FD277007E4C95 /* Main.storyboard */,
				12356EA71E7FD277007E4C95 /* Assets.xcassets */,
				12356EA91E7FD277007E4C95 /* LaunchScreen.storyboard */,
				12356EAC1E7FD277007E4C95 /* Info.plist */,
			);
			path = "On the Map";
			sourceTree = "<group>";
		};
/* End PBXGroup section */

/* Begin PBXNativeTarget section */
		12356E9C1E7FD277007E4C95 /* On the Map */ = {
			isa = PBXNativeTarget;
			buildConfigurationList = 12356EAF1E7FD277007E4C95 /* Build configuration list for PBXNativeTarget "On the Map" */;
			buildPhases = (
				12356E991E7FD277007E4C95 /* Sources */,
				12356E9A1E7FD277007E4C95 /* Frameworks */,
				12356E9B1E7FD277007E4C95 /* Resources */,
			);
			buildRules = (
			);
			dependencies = (
			);
			name = "On the Map";
			productName = "On the Map";
			productReference = 12356E9D1E7FD277007E4C95 /* On the Map.app */;
			productType = "com.apple.product-type.application";
		};
/* End PBXNativeTarget section */

/* Begin PBXProject section */
		12356E951E7FD277007E4C95 /* Project object */ = {
			isa = PBXProject;
			attributes = {
				LastSwiftUpdateCheck = 0820;
				LastUpgradeCheck = 0820;
				ORGANIZATIONNAME = linlinno;
				TargetAttributes = {
					12356E9C1E7FD277007E4C95 = {
						CreatedOnToolsVersion = 8.2;
						DevelopmentTeam = X65Y2PL788;
						ProvisioningStyle = Automatic;
					};
				};
			};
			buildConfigurationList = 12356E981E7FD277007E4C95 /* Build configuration list for PBXProject "On the Map" */;
			compatibilityVersion = "Xcode 3.2";
			developmentRegion = English;
			hasScannedForEncodings = 0;
			knownRegions = (
				en,
				Base,
			);
			mainGroup = 12356E941E7FD277007E4C95;
			productRefGroup = 12356E9E1E7FD277007E4C95 /* Products */;
			projectDirPath = "";
			projectRoot = "";
			targets = (
				12356E9C1E7FD277007E4C95 /* On the Map */,
			);
		};
/* End PBXProject section */

/* Begin PBXResourcesBuildPhase section */
		12356E9B1E7FD277007E4C95 /* Resources */ = {
			isa = PBXResourcesBuildPhase;
			buildActionMask = 2147483647;
			files = (
				12356EAB1E7FD277007E4C95 /* LaunchScreen.storyboard in Resources */,
				12356EA81E7FD277007E4C95 /* Assets.xcassets in Resources */,
				12356EA61E7FD277007E4C95 /* Main.storyboard in Resources */,
			);
			runOnlyForDeploymentPostprocessing = 0;
		};
/* End PBXResourcesBuildPhase section */

/* Begin PBXSourcesBuildPhase section */
		12356E991E7FD277007E4C95 /* Sources */ = {
			isa = PBXSourcesBuildPhase;
			buildActionMask = 2147483647;
			files = (
				12356EA31E7FD277007E4C95 /* LoginViewController.swift in Sources */,
				122783CC1E80D72C0083D1EA /* TableViewController.swift in Sources */,
				12356EA11E7FD277007E4C95 /* AppDelegate.swift in Sources */,
				122783D01E8109F20083D1EA /* PinViewController.swift in Sources */,
				122783D41E81164E0083D1EA /* Constants.swift in Sources */,
				122783D21E8114560083D1EA /* GCDBlackBox.swift in Sources */,
				122783CE1E80D74A0083D1EA /* MapViewController.swift in Sources */,
				12EE032F1E87FC6E005E2540 /* StudentLocation.swift in Sources */,
				128FFF2B1E83E854000732EB /* LinkViewController.swift in Sources */,
			);
			runOnlyForDeploymentPostprocessing = 0;
		};
/* End PBXSourcesBuildPhase section */

/* Begin PBXVariantGroup section */
		12356EA41E7FD277007E4C95 /* Main.storyboard */ = {
			isa = PBXVariantGroup;
			children = (
				12356EA51E7FD277007E4C95 /* Base */,
			);
			name = Main.storyboard;
			sourceTree = "<group>";
		};
		12356EA91E7FD277007E4C95 /* LaunchScreen.storyboard */ = {
			isa = PBXVariantGroup;
			children = (
				12356EAA1E7FD277007E4C95 /* Base */,
			);
			name = LaunchScreen.storyboard;
			sourceTree = "<group>";
		};
/* End PBXVariantGroup section */

/* Begin XCBuildConfiguration section */
		12356EAD1E7FD277007E4C95 /* Debug */ = {
			isa = XCBuildConfiguration;
			buildSettings = {
				ALWAYS_SEARCH_USER_PATHS = NO;
				CLANG_ANALYZER_NONNULL = YES;
				CLANG_CXX_LANGUAGE_STANDARD = "gnu++0x";
				CLANG_CXX_LIBRARY = "libc++";
				CLANG_ENABLE_MODULES = YES;
				CLANG_ENABLE_OBJC_ARC = YES;
				CLANG_WARN_BOOL_CONVERSION = YES;
				CLANG_WARN_CONSTANT_CONVERSION = YES;
				CLANG_WARN_DIRECT_OBJC_ISA_USAGE = YES_ERROR;
				CLANG_WARN_DOCUMENTATION_COMMENTS = YES;
				CLANG_WARN_EMPTY_BODY = YES;
				CLANG_WARN_ENUM_CONVERSION = YES;
				CLANG_WARN_INFINITE_RECURSION = YES;
				CLANG_WARN_INT_CONVERSION = YES;
				CLANG_WARN_OBJC_ROOT_CLASS = YES_ERROR;
				CLANG_WARN_SUSPICIOUS_MOVE = YES;
				CLANG_WARN_UNREACHABLE_CODE = YES;
				CLANG_WARN__DUPLICATE_METHOD_MATCH = YES;
				"CODE_SIGN_IDENTITY[sdk=iphoneos*]" = "iPhone Developer";
				COPY_PHASE_STRIP = NO;
				DEBUG_INFORMATION_FORMAT = dwarf;
				ENABLE_STRICT_OBJC_MSGSEND = YES;
				ENABLE_TESTABILITY = YES;
				GCC_C_LANGUAGE_STANDARD = gnu99;
				GCC_DYNAMIC_NO_PIC = NO;
				GCC_NO_COMMON_BLOCKS = YES;
				GCC_OPTIMIZATION_LEVEL = 0;
				GCC_PREPROCESSOR_DEFINITIONS = (
					"DEBUG=1",
					"$(inherited)",
				);
				GCC_WARN_64_TO_32_BIT_CONVERSION = YES;
				GCC_WARN_ABOUT_RETURN_TYPE = YES_ERROR;
				GCC_WARN_UNDECLARED_SELECTOR = YES;
				GCC_WARN_UNINITIALIZED_AUTOS = YES_AGGRESSIVE;
				GCC_WARN_UNUSED_FUNCTION = YES;
				GCC_WARN_UNUSED_VARIABLE = YES;
				IPHONEOS_DEPLOYMENT_TARGET = 10.0;
				MTL_ENABLE_DEBUG_INFO = YES;
				ONLY_ACTIVE_ARCH = YES;
				SDKROOT = iphoneos;
				SWIFT_ACTIVE_COMPILATION_CONDITIONS = DEBUG;
				SWIFT_OPTIMIZATION_LEVEL = "-Onone";
				TARGETED_DEVICE_FAMILY = "1,2";
			};
			name = Debug;
		};
		12356EAE1E7FD277007E4C95 /* Release */ = {
			isa = XCBuildConfiguration;
			buildSettings = {
				ALWAYS_SEARCH_USER_PATHS = NO;
				CLANG_ANALYZER_NONNULL = YES;
				CLANG_CXX_LANGUAGE_STANDARD = "gnu++0x";
				CLANG_CXX_LIBRARY = "libc++";
				CLANG_ENABLE_MODULES = YES;
				CLANG_ENABLE_OBJC_ARC = YES;
				CLANG_WARN_BOOL_CONVERSION = YES;
				CLANG_WARN_CONSTANT_CONVERSION = YES;
				CLANG_WARN_DIRECT_OBJC_ISA_USAGE = YES_ERROR;
				CLANG_WARN_DOCUMENTATION_COMMENTS = YES;
				CLANG_WARN_EMPTY_BODY = YES;
				CLANG_WARN_ENUM_CONVERSION = YES;
				CLANG_WARN_INFINITE_RECURSION = YES;
				CLANG_WARN_INT_CONVERSION = YES;
				CLANG_WARN_OBJC_ROOT_CLASS = YES_ERROR;
				CLANG_WARN_SUSPICIOUS_MOVE = YES;
				CLANG_WARN_UNREACHABLE_CODE = YES;
				CLANG_WARN__DUPLICATE_METHOD_MATCH = YES;
				"CODE_SIGN_IDENTITY[sdk=iphoneos*]" = "iPhone Developer";
				COPY_PHASE_STRIP = NO;
				DEBUG_INFORMATION_FORMAT = "dwarf-with-dsym";
				ENABLE_NS_ASSERTIONS = NO;
				ENABLE_STRICT_OBJC_MSGSEND = YES;
				GCC_C_LANGUAGE_STANDARD = gnu99;
				GCC_NO_COMMON_BLOCKS = YES;
				GCC_WARN_64_TO_32_BIT_CONVERSION = YES;
				GCC_WARN_ABOUT_RETURN_TYPE = YES_ERROR;
				GCC_WARN_UNDECLARED_SELECTOR = YES;
				GCC_WARN_UNINITIALIZED_AUTOS = YES_AGGRESSIVE;
				GCC_WARN_UNUSED_FUNCTION = YES;
				GCC_WARN_UNUSED_VARIABLE = YES;
				IPHONEOS_DEPLOYMENT_TARGET = 10.0;
				MTL_ENABLE_DEBUG_INFO = NO;
				SDKROOT = iphoneos;
				SWIFT_OPTIMIZATION_LEVEL = "-Owholemodule";
				TARGETED_DEVICE_FAMILY = "1,2";
				VALIDATE_PRODUCT = YES;
			};
			name = Release;
		};
		12356EB01E7FD277007E4C95 /* Debug */ = {
			isa = XCBuildConfiguration;
			buildSettings = {
				ASSETCATALOG_COMPILER_APPICON_NAME = AppIcon;
				DEVELOPMENT_TEAM = X65Y2PL788;
				INFOPLIST_FILE = "On the Map/Info.plist";
				IPHONEOS_DEPLOYMENT_TARGET = 10.0;
				LD_RUNPATH_SEARCH_PATHS = "$(inherited) @executable_path/Frameworks";
				PRODUCT_BUNDLE_IDENTIFIER = "com.linlinno.On-the-Map";
				PRODUCT_NAME = "$(TARGET_NAME)";
				SWIFT_VERSION = 3.0;
			};
			name = Debug;
		};
		12356EB11E7FD277007E4C95 /* Release */ = {
			isa = XCBuildConfiguration;
			buildSettings = {
				ASSETCATALOG_COMPILER_APPICON_NAME = AppIcon;
				DEVELOPMENT_TEAM = X65Y2PL788;
				INFOPLIST_FILE = "On the Map/Info.plist";
				IPHONEOS_DEPLOYMENT_TARGET = 10.0;
				LD_RUNPATH_SEARCH_PATHS = "$(inherited) @executable_path/Frameworks";
				PRODUCT_BUNDLE_IDENTIFIER = "com.linlinno.On-the-Map";
				PRODUCT_NAME = "$(TARGET_NAME)";
				SWIFT_VERSION = 3.0;
			};
			name = Release;
		};
/* End XCBuildConfiguration section */

/* Begin XCConfigurationList section */
		12356E981E7FD277007E4C95 /* Build configuration list for PBXProject "On the Map" */ = {
			isa = XCConfigurationList;
			buildConfigurations = (
				12356EAD1E7FD277007E4C95 /* Debug */,
				12356EAE1E7FD277007E4C95 /* Release */,
			);
			defaultConfigurationIsVisible = 0;
			defaultConfigurationName = Release;
		};
		12356EAF1E7FD277007E4C95 /* Build configuration list for PBXNativeTarget "On the Map" */ = {
			isa = XCConfigurationList;
			buildConfigurations = (
				12356EB01E7FD277007E4C95 /* Debug */,
				12356EB11E7FD277007E4C95 /* Release */,
			);
			defaultConfigurationIsVisible = 0;
			defaultConfigurationName = Release;
		};
/* End XCConfigurationList section */
	};
	rootObject = 12356E951E7FD277007E4C95 /* Project object */;
}
